{
  "nodes": {
    "crowncalc-master": {
      "inputs": {
        "flakeNimbleLib": [
          "flakeNimbleLib"
        ],
        "nixpkgs": [
          "nixpkgs"
        ],
        "noise": "noise",
        "sdl2": "sdl2",
        "src-crowncalc-master": "src-crowncalc-master"
      },
      "locked": {
        "dir": "master",
        "lastModified": 1669432147,
        "narHash": "sha256-QYQ9k/uaW57c3PxStUQdiEFNC4X2FaXJHESVCFDsrB0=",
        "owner": "nim-nix-pkgs",
        "repo": "crowncalc",
        "rev": "618317ec4f580ce83bb3cc582bc055a97fb4c215",
        "type": "github"
      },
      "original": {
        "dir": "master",
        "owner": "nim-nix-pkgs",
        "ref": "master",
        "repo": "crowncalc",
        "type": "github"
      }
    },
    "devshell": {
      "inputs": {
        "flake-utils": [
          "flakeNimbleLib",
          "dsf",
          "flake-utils"
        ],
        "nixpkgs": [
          "flakeNimbleLib",
          "dsf",
          "nixpkgs"
        ]
      },
      "locked": {
        "lastModified": 1663445644,
        "narHash": "sha256-+xVlcK60x7VY1vRJbNUEAHi17ZuoQxAIH4S4iUFUGBA=",
        "owner": "numtide",
        "repo": "devshell",
        "rev": "e3dc3e21594fe07bdb24bdf1c8657acaa4cb8f66",
        "type": "github"
      },
      "original": {
        "owner": "numtide",
        "repo": "devshell",
        "type": "github"
      }
    },
    "devshell_2": {
      "inputs": {
        "flake-utils": [
          "flakeNimbleLib",
          "gha",
          "dsf",
          "flake-utils"
        ],
        "nixpkgs": [
          "flakeNimbleLib",
          "gha",
          "dsf",
          "nixpkgs"
        ]
      },
      "locked": {
        "lastModified": 1654858401,
        "narHash": "sha256-53bw34DtVJ2bnF6WEwy6Tym+qY0pNEiEwARUlvmTZjs=",
        "owner": "numtide",
        "repo": "devshell",
        "rev": "f55e05c6d3bbe9acc7363bc8fc739518b2f02976",
        "type": "github"
      },
      "original": {
        "owner": "numtide",
        "repo": "devshell",
        "type": "github"
      }
    },
    "dsf": {
      "inputs": {
        "devshell": "devshell",
        "flake-utils": "flake-utils",
        "nixpkgs": [
          "flakeNimbleLib",
          "nixpkgs"
        ]
      },
      "locked": {
        "lastModified": 1667961864,
        "narHash": "sha256-ojDJFHwN9mM8+d0Ti8I0PElYX8uxixz9Ge/0yp5s7UQ=",
        "owner": "cruel-intentions",
        "repo": "devshell-files",
        "rev": "f4b2198a20025328eb9cf0ff4fa29c56a24fd9d3",
        "type": "github"
      },
      "original": {
        "owner": "cruel-intentions",
        "repo": "devshell-files",
        "type": "github"
      }
    },
    "dsf_2": {
      "inputs": {
        "devshell": "devshell_2",
        "flake-utils": "flake-utils_2",
        "nixpkgs": "nixpkgs"
      },
      "locked": {
        "lastModified": 1655015961,
        "narHash": "sha256-rLtp4QVUVf02JKNbEbcs7SuN5Q57YBUOAPJr5Exv/P8=",
        "owner": "cruel-intentions",
        "repo": "devshell-files",
        "rev": "6ebf0682a181fc512d0b710ea08acb9e38839fdb",
        "type": "github"
      },
      "original": {
        "owner": "cruel-intentions",
        "repo": "devshell-files",
        "type": "github"
      }
    },
    "flake-utils": {
      "locked": {
        "lastModified": 1659877975,
        "narHash": "sha256-zllb8aq3YO3h8B/U0/J1WBgAL8EX5yWf5pMj3G0NAmc=",
        "owner": "numtide",
        "repo": "flake-utils",
        "rev": "c0e246b9b83f637f4681389ecabcb2681b4f3af0",
        "type": "github"
      },
      "original": {
        "owner": "numtide",
        "repo": "flake-utils",
        "type": "github"
      }
    },
    "flake-utils_2": {
      "locked": {
        "lastModified": 1653893745,
        "narHash": "sha256-0jntwV3Z8//YwuOjzhV2sgJJPt+HY6KhU7VZUL0fKZQ=",
        "owner": "numtide",
        "repo": "flake-utils",
        "rev": "1ed9fb1935d260de5fe1c2f7ee0ebaae17ed2fa1",
        "type": "github"
      },
      "original": {
        "owner": "numtide",
        "repo": "flake-utils",
        "type": "github"
      }
    },
    "flakeNimbleLib": {
      "inputs": {
        "dsf": "dsf",
        "gha": "gha",
        "nixpkgs": [
          "nixpkgs"
        ]
      },
      "locked": {
        "lastModified": 1669304833,
        "narHash": "sha256-XUC/j0d3QjjTvkZRTjfGM/XfZHKQcLF70sg5Z2xXvLc=",
        "owner": "riinr",
        "repo": "nim-flakes-lib",
        "rev": "53a35251b37bd6c886c3e3e20d4b9e2d966896b4",
        "type": "github"
      },
      "original": {
        "owner": "riinr",
        "ref": "master",
        "repo": "nim-flakes-lib",
        "type": "github"
      }
    },
    "gha": {
      "inputs": {
        "dsf": "dsf_2"
      },
      "locked": {
        "lastModified": 1655025633,
        "narHash": "sha256-QoKHywgljgnTEkkWL0POwqXhxWHkHI4IL6luWSJwYM8=",
        "owner": "cruel-intentions",
        "repo": "gh-actions",
        "rev": "122626d7591ba62d507b1eb22c9656613cfdb055",
        "type": "github"
      },
      "original": {
        "owner": "cruel-intentions",
        "repo": "gh-actions",
        "type": "github"
      }
    },
    "nixpkgs": {
      "locked": {
        "lastModified": 1653936696,
        "narHash": "sha256-M6bJShji9AIDZ7Kh7CPwPBPb/T7RiVev2PAcOi4fxDQ=",
        "owner": "nixos",
        "repo": "nixpkgs",
        "rev": "ce6aa13369b667ac2542593170993504932eb836",
        "type": "github"
      },
      "original": {
        "owner": "nixos",
        "ref": "22.05",
        "repo": "nixpkgs",
        "type": "github"
      }
    },
    "nixpkgs_2": {
      "locked": {
        "lastModified": 1669387357,
        "narHash": "sha256-z1azVj/5Em5kGhh9OgBOsjTEgMab7hXL/aRilH9tzyI=",
        "owner": "NixOS",
        "repo": "nixpkgs",
        "rev": "55b3f68bda6d4f4dc6092eed0508063f154fa4fd",
        "type": "github"
      },
      "original": {
        "id": "nixpkgs",
        "type": "indirect"
      }
    },
    "noise": {
      "inputs": {
        "flakeNimbleLib": [
          "crowncalc-master",
          "flakeNimbleLib"
        ],
        "nixpkgs": [
          "crowncalc-master",
          "nixpkgs"
        ],
        "src-noise-v0_1_14": "src-noise-v0_1_14"
      },
      "locked": {
        "dir": "v0_1_14",
        "lastModified": 1669431275,
        "narHash": "sha256-bxeQ73rqoxOsmsb5dukhg6bVBmLnHIBjPdGdWcgCi/U=",
        "owner": "nim-nix-pkgs",
        "repo": "noise",
        "rev": "6e597c00cc94a9141af1973967c9b681501e3d73",
        "type": "github"
      },
      "original": {
        "dir": "v0_1_14",
        "owner": "nim-nix-pkgs",
        "ref": "master",
        "repo": "noise",
        "type": "github"
      }
    },
    "root": {
      "inputs": {
        "crowncalc-master": "crowncalc-master",
        "flakeNimbleLib": "flakeNimbleLib",
        "nixpkgs": "nixpkgs_2"
      }
    },
    "sdl2": {
      "inputs": {
        "flakeNimbleLib": [
          "crowncalc-master",
          "flakeNimbleLib"
        ],
        "nixpkgs": [
          "crowncalc-master",
          "nixpkgs"
        ],
        "src-sdl2-v2_0_4": "src-sdl2-v2_0_4"
      },
      "locked": {
        "dir": "v2_0_4",
        "lastModified": 1665581645,
        "narHash": "sha256-x54yMU6vPKIWeaUnR60QKnmue9X4Tic6NA+Hs5RJwu4=",
        "owner": "nim-nix-pkgs",
        "repo": "sdl2",
        "rev": "60a14bad2af208812b0ad2b993cc15171b0cbae6",
        "type": "github"
      },
      "original": {
        "dir": "v2_0_4",
        "owner": "nim-nix-pkgs",
        "ref": "master",
        "repo": "sdl2",
        "type": "github"
      }
    },
    "src-crowncalc-master": {
      "flake": false,
      "locked": {
        "lastModified": 1651937326,
        "narHash": "sha256-VF6rahJIEvxxun40OyiNuSPJvVCb04aMKw4CmU/w5a4=",
        "owner": "RainbowAsteroids",
        "repo": "crowncalc",
        "rev": "bbc824d36d563c99d80c35b4e9e14a7b32c8cabd",
        "type": "github"
      },
      "original": {
        "owner": "RainbowAsteroids",
        "ref": "refs/heads/master",
        "repo": "crowncalc",
        "type": "github"
      }
    },
    "src-noise-v0_1_14": {
      "flake": false,
      "locked": {
        "lastModified": 1600141522,
        "narHash": "sha256-iZBov+AaAHctZ1nFbyR3lEuK14jaf8PUDcs7++GNzXI=",
        "owner": "jangko",
        "repo": "nim-noise",
        "rev": "947f195c5796d3aca331de39d49dc073140748c1",
        "type": "github"
      },
      "original": {
        "owner": "jangko",
        "ref": "refs/tags/v0.1.14",
        "repo": "nim-noise",
        "type": "github"
      }
    },
    "src-sdl2-v2_0_4": {
      "flake": false,
      "locked": {
        "lastModified": 1660203835,
        "narHash": "sha256-qDtVSnf+7rTq36WAxgsUZ8XoUk4sKwHyt8EJcY5WP+o=",
        "owner": "nim-lang",
        "repo": "sdl2",
        "rev": "4b42141b97ee7683029de0f4e2ae3dc74d63bad7",
        "type": "github"
      },
      "original": {
        "owner": "nim-lang",
        "ref": "refs/tags/v2.0.4",
        "repo": "sdl2",
        "type": "github"
      }
    }
  },
  "root": "root",
  "version": 7
}
