{
  "nodes": {
    "flakeNimbleLib": {
      "inputs": {
        "nixpkgs": [
          "nixpkgs"
        ]
      },
      "locked": {
        "lastModified": 1648105061,
        "narHash": "sha256-Je25qNlH4xrH3+m6vIq6yPvdfQ80FRTwX4JOhrRLduc=",
        "owner": "riinr",
        "repo": "nim-flakes-lib",
        "rev": "f1ec5e2f15b9f717c33b6942ce7cb344ff868522",
        "type": "github"
      },
      "original": {
        "owner": "riinr",
        "ref": "master",
        "repo": "nim-flakes-lib",
        "type": "github"
      }
    },
    "nixpkgs": {
      "locked": {
        "lastModified": 0,
        "narHash": "sha256-ajXYYTE1uoY3ei/P1v+Knklf2QNCBxMtw1gByaPTGU4=",
        "path": "/nix/store/l9gfyh4wh4yrv0m9is00x82ba0synxgb-source",
        "type": "path"
      },
      "original": {
        "id": "nixpkgs",
        "type": "indirect"
      }
    },
    "noise": {
      "inputs": {
        "flakeNimbleLib": [
          "flakeNimbleLib"
        ],
        "nixpkgs": [
          "nixpkgs"
        ],
        "src-noise-v0_1_14": "src-noise-v0_1_14"
      },
      "locked": {
        "dir": "v0_1_14",
        "lastModified": 1662002905,
        "narHash": "sha256-7vOKiAJiPAAKsQYXLyvy/0fUdK0vGX6JbxC7jafZ6Q4=",
        "owner": "nim-nix-pkgs",
        "repo": "noise",
        "rev": "48723de71c2419cecdc6ef5643c70a34ce5b6053",
        "type": "github"
      },
      "original": {
        "dir": "v0_1_14",
        "owner": "nim-nix-pkgs",
        "ref": "master",
        "repo": "noise",
        "type": "github"
      }
    },
    "root": {
      "inputs": {
        "flakeNimbleLib": "flakeNimbleLib",
        "nixpkgs": "nixpkgs",
        "noise": "noise",
        "sdl2": "sdl2",
        "src-crowncalc-master": "src-crowncalc-master"
      }
    },
    "sdl2": {
      "inputs": {
        "flakeNimbleLib": [
          "flakeNimbleLib"
        ],
        "nixpkgs": [
          "nixpkgs"
        ],
        "src-sdl2-v2_0_3": "src-sdl2-v2_0_3"
      },
      "locked": {
        "dir": "v2_0_3",
        "lastModified": 1650750569,
        "narHash": "sha256-P7OCQ2Uveh1m9qFUmOT9h030grY/1YBAA8wSFAazwXg=",
        "owner": "nim-nix-pkgs",
        "repo": "sdl2",
        "rev": "0b303ee208e8580623cb50e7148580ce4c8b222f",
        "type": "github"
      },
      "original": {
        "dir": "v2_0_3",
        "owner": "nim-nix-pkgs",
        "ref": "master",
        "repo": "sdl2",
        "type": "github"
      }
    },
    "src-crowncalc-master": {
      "flake": false,
      "locked": {
        "lastModified": 1651937326,
        "narHash": "sha256-VF6rahJIEvxxun40OyiNuSPJvVCb04aMKw4CmU/w5a4=",
        "owner": "RainbowAsteroids",
        "repo": "crowncalc",
        "rev": "bbc824d36d563c99d80c35b4e9e14a7b32c8cabd",
        "type": "github"
      },
      "original": {
        "owner": "RainbowAsteroids",
        "ref": "refs/heads/master",
        "repo": "crowncalc",
        "type": "github"
      }
    },
    "src-noise-v0_1_14": {
      "flake": false,
      "locked": {
        "lastModified": 1600141522,
        "narHash": "sha256-iZBov+AaAHctZ1nFbyR3lEuK14jaf8PUDcs7++GNzXI=",
        "owner": "jangko",
        "repo": "nim-noise",
        "rev": "947f195c5796d3aca331de39d49dc073140748c1",
        "type": "github"
      },
      "original": {
        "owner": "jangko",
        "ref": "refs/tags/v0.1.14",
        "repo": "nim-noise",
        "type": "github"
      }
    },
    "src-sdl2-v2_0_3": {
      "flake": false,
      "locked": {
        "lastModified": 1617058617,
        "narHash": "sha256-v8zqsafLMSAsJ1KOh4+1h22GGBe9D0Kkt/cN0s/Nvng=",
        "owner": "nim-lang",
        "repo": "sdl2",
        "rev": "e084923c35e6f513240456d87b3cc9cfd2081e91",
        "type": "github"
      },
      "original": {
        "owner": "nim-lang",
        "ref": "refs/tags/v2.0.3",
        "repo": "sdl2",
        "type": "github"
      }
    }
  },
  "root": "root",
  "version": 7
}
